
Microsoft Visual Studio Solution File, Format Version 12.00
# Visual Studio 2012
Project("{FAE04EC0-301F-11D3-BF4B-00C04F79EFBC}") = "libBDPointSDKiphoneos", "libBDPointSDKiphoneos\libBDPointSDKiphoneos.csproj", "{EEC0B92E-5E1F-4D23-9CBF-68B739B60D1C}"
EndProject
Global
	GlobalSection(SolutionConfigurationPlatforms) = preSolution
		Debug|Any CPU = Debug|Any CPU
		Release|Any CPU = Release|Any CPU
	EndGlobalSection
	GlobalSection(ProjectConfigurationPlatforms) = postSolution
		{EEC0B92E-5E1F-4D23-9CBF-68B739B60D1C}.Debug|Any CPU.ActiveCfg = Debug|Any CPU
		{EEC0B92E-5E1F-4D23-9CBF-68B739B60D1C}.Debug|Any CPU.Build.0 = Debug|Any CPU
		{EEC0B92E-5E1F-4D23-9CBF-68B739B60D1C}.Release|Any CPU.ActiveCfg = Release|Any CPU
		{EEC0B92E-5E1F-4D23-9CBF-68B739B60D1C}.Release|Any CPU.Build.0 = Release|Any CPU
	EndGlobalSection
EndGlobal
