PODS:
  - BluedotPointSDK (15.6.7)

DEPENDENCIES:
  - BluedotPointSDK (from `https://github.com/Bluedot-Innovation/PointSDK-iOS.git`, tag `16.0.0-alpha1`)

EXTERNAL SOURCES:
  BluedotPointSDK:
    :git: https://github.com/Bluedot-Innovation/PointSDK-iOS.git
    :tag: 16.0.0-alpha1

CHECKOUT OPTIONS:
  BluedotPointSDK:
    :git: https://github.com/Bluedot-Innovation/PointSDK-iOS.git
    :tag: 16.0.0-alpha1

SPEC CHECKSUMS:
  BluedotPointSDK: 286b5c23ca7e3f1e1fe50189c0b8e6104e834035

PODFILE CHECKSUM: 26cde0f980e898c4744d1aeb76b87ecfa4927fe2

COCOAPODS: 1.12.1
