PODS:
  - BluedotPointSDK (15.0.0)

DEPENDENCIES:
  - BluedotPointSDK

SPEC REPOS:
  https://github.com/cocoapods/specs.git:
    - BluedotPointSDK

SPEC CHECKSUMS:
  BluedotPointSDK: a87e0f059237df0d6b1952025ffd01e7c34c4f7e

PODFILE CHECKSUM: f28121851eaa68ad0b3bc7d2ed62f3427407c933

COCOAPODS: 1.7.5
