PODS:
  - BluedotPointSDK (15.6.6)

DEPENDENCIES:
  - "BluedotPointSDK (from `git@github.com:Bluedot-Innovation/PointSDK-iOS.git`, tag `15.6.6-beta-1`)"

EXTERNAL SOURCES:
  BluedotPointSDK:
    :git: "git@github.com:Bluedot-Innovation/PointSDK-iOS.git"
    :tag: 15.6.6-beta-1

CHECKOUT OPTIONS:
  BluedotPointSDK:
    :git: "git@github.com:Bluedot-Innovation/PointSDK-iOS.git"
    :tag: 15.6.6-beta-1

SPEC CHECKSUMS:
  BluedotPointSDK: 69f0c00e8ceb68e0508e95c7756544d0fec6fc2e

PODFILE CHECKSUM: 43dc1f4c582e4ab9481ebf008a67493b47b29711

COCOAPODS: 1.11.3
