
Microsoft Visual Studio Solution File, Format Version 12.00
# Visual Studio 15
Project("{FAE04EC0-301F-11D3-BF4B-00C04F79EFBC}") = "PointSDK.iOS", "PointSDK.iOS.csproj", "{E83096C2-B9BE-4E06-9640-EF300E522125}"
EndProject
Global
	GlobalSection(SolutionConfigurationPlatforms) = preSolution
		Debug|Any CPU = Debug|Any CPU
		Release|Any CPU = Release|Any CPU
	EndGlobalSection
	GlobalSection(ProjectConfigurationPlatforms) = postSolution
		{E83096C2-B9BE-4E06-9640-EF300E522125}.Debug|Any CPU.ActiveCfg = Debug|Any CPU
		{E83096C2-B9BE-4E06-9640-EF300E522125}.Debug|Any CPU.Build.0 = Debug|Any CPU
		{E83096C2-B9BE-4E06-9640-EF300E522125}.Release|Any CPU.ActiveCfg = Release|Any CPU
		{E83096C2-B9BE-4E06-9640-EF300E522125}.Release|Any CPU.Build.0 = Release|Any CPU
	EndGlobalSection
EndGlobal
